- name: Inside Block
  name_img: /assets/img/logo/insideblock.png

  site_link: http://www.insideblock.com
  site_ico: /assets/img/ico/site.png

  google: Google Plus
  google_link: https://plus.google.com/+insideblock
  google_ico: /assets/img/ico/google.png

  twitter: Twitter
  twitter_link: https://twitter.com/insideblock
  twitter_ico: /assets/img/ico/twitter.png

  facebook: Facebook
  facebook_link: https://www.facebook.com/insideblock
  facebook_ico: /assets/img/ico/facebook.png

  instagram: Instagram
  instagram_link: https://www.instagram.com/inside.block
  instagram_ico: /assets/img/ico/instagram.png

  github: GitHub
  github_link: https://github.com/insideblock
  github_ico: /assets/img/ico/github.png

  linkedin: LinkedIn
  linkedin_link: https://www.linkedin.com/company/27159860
  linkedin_ico: /assets/img/ico/linkedin.png

  description: Dicas e tutoriais sobre internet, tecnologia, SEO, desenvolvimento web, otimização, monetização, blogs, redes sociais e muito mais!