org:
  - name: Inside Block
    link: http://www.insideblock.com
    desc: Dicas e tutoriais sobre internet, tecnologia, SEO, desenvolvimento web, otimização, monetização, blogs, redes sociais e muito mais!
    icon: icon-cube

social: 
  - page: Google Plus
    link: https://plus.google.com/+insideblock
    icon: icon-googleplus

  - page: Twitter
    link: https://twitter.com/insideblock
    icon: icon-twitter

  - page: Facebook
    link: https://www.facebook.com/insideblock
    icon: icon-facebook

  - page: Instagram
    link: https://www.instagram.com/inside.block
    icon: icon-instagram

  - page: GitHub
    link: https://github.com/insideblock
    icon: icon-github

  - page: LinkedIn
    link: https://www.linkedin.com/company/27159860
    icon: icon-linkedin